
Microsoft Visual Studio Solution File, Format Version 12.00
# Visual Studio Version 17
VisualStudioVersion = 17.5.002.0
MinimumVisualStudioVersion = 10.0.40219.1
Project("{9A19103F-16F7-4668-BE54-9A1E7A4F7556}") = "DesafioProjetoHospedagem", "DesafioProjetoHospedagem.csproj", "{A8A330A8-FF1A-48A4-8F25-07F0720A3F20}"
EndProject
Global
	GlobalSection(SolutionConfigurationPlatforms) = preSolution
		Debug|Any CPU = Debug|Any CPU
		Release|Any CPU = Release|Any CPU
	EndGlobalSection
	GlobalSection(ProjectConfigurationPlatforms) = postSolution
		{A8A330A8-FF1A-48A4-8F25-07F0720A3F20}.Debug|Any CPU.ActiveCfg = Debug|Any CPU
		{A8A330A8-FF1A-48A4-8F25-07F0720A3F20}.Debug|Any CPU.Build.0 = Debug|Any CPU
		{A8A330A8-FF1A-48A4-8F25-07F0720A3F20}.Release|Any CPU.ActiveCfg = Release|Any CPU
		{A8A330A8-FF1A-48A4-8F25-07F0720A3F20}.Release|Any CPU.Build.0 = Release|Any CPU
	EndGlobalSection
	GlobalSection(SolutionProperties) = preSolution
		HideSolutionNode = FALSE
	EndGlobalSection
	GlobalSection(ExtensibilityGlobals) = postSolution
		SolutionGuid = {3CA0B24E-AC26-4893-A89F-144463A9A37D}
	EndGlobalSection
EndGlobal
